
Microsoft Visual Studio Solution File, Format Version 11.00
# Visual Studio 2010
Project("{FAE04EC0-301F-11D3-BF4B-00C04F79EFBC}") = "Assembly-CSharp", "Assembly-CSharp.csproj", "{E4227516-F1F7-2A3E-95F9-06E8372FEA9A}"
EndProject
Project("{FAE04EC0-301F-11D3-BF4B-00C04F79EFBC}") = "Assembly-CSharp-firstpass", "Assembly-CSharp-firstpass.csproj", "{97EE52CC-E666-F124-F70E-0A35ABD9A08F}"
EndProject
Project("{FAE04EC0-301F-11D3-BF4B-00C04F79EFBC}") = "Assembly-CSharp-Editor", "Assembly-CSharp-Editor.csproj", "{F98ED69D-8C39-DF53-5B18-CB2CCFC8C4E1}"
EndProject
Project("{FAE04EC0-301F-11D3-BF4B-00C04F79EFBC}") = "Assembly-CSharp-Editor-firstpass", "Assembly-CSharp-Editor-firstpass.csproj", "{F0D369B6-7B39-3EB4-6BFB-30BABE3F02D3}"
EndProject
Global
	GlobalSection(SolutionConfigurationPlatforms) = preSolution
		Debug|Any CPU = Debug|Any CPU
		Release|Any CPU = Release|Any CPU
	EndGlobalSection
	GlobalSection(ProjectConfigurationPlatforms) = postSolution
		{E4227516-F1F7-2A3E-95F9-06E8372FEA9A}.Debug|Any CPU.ActiveCfg = Debug|Any CPU
		{E4227516-F1F7-2A3E-95F9-06E8372FEA9A}.Debug|Any CPU.Build.0 = Debug|Any CPU
		{E4227516-F1F7-2A3E-95F9-06E8372FEA9A}.Release|Any CPU.ActiveCfg = Release|Any CPU
		{E4227516-F1F7-2A3E-95F9-06E8372FEA9A}.Release|Any CPU.Build.0 = Release|Any CPU
		{97EE52CC-E666-F124-F70E-0A35ABD9A08F}.Debug|Any CPU.ActiveCfg = Debug|Any CPU
		{97EE52CC-E666-F124-F70E-0A35ABD9A08F}.Debug|Any CPU.Build.0 = Debug|Any CPU
		{97EE52CC-E666-F124-F70E-0A35ABD9A08F}.Release|Any CPU.ActiveCfg = Release|Any CPU
		{97EE52CC-E666-F124-F70E-0A35ABD9A08F}.Release|Any CPU.Build.0 = Release|Any CPU
		{F98ED69D-8C39-DF53-5B18-CB2CCFC8C4E1}.Debug|Any CPU.ActiveCfg = Debug|Any CPU
		{F98ED69D-8C39-DF53-5B18-CB2CCFC8C4E1}.Debug|Any CPU.Build.0 = Debug|Any CPU
		{F98ED69D-8C39-DF53-5B18-CB2CCFC8C4E1}.Release|Any CPU.ActiveCfg = Release|Any CPU
		{F98ED69D-8C39-DF53-5B18-CB2CCFC8C4E1}.Release|Any CPU.Build.0 = Release|Any CPU
		{F0D369B6-7B39-3EB4-6BFB-30BABE3F02D3}.Debug|Any CPU.ActiveCfg = Debug|Any CPU
		{F0D369B6-7B39-3EB4-6BFB-30BABE3F02D3}.Debug|Any CPU.Build.0 = Debug|Any CPU
		{F0D369B6-7B39-3EB4-6BFB-30BABE3F02D3}.Release|Any CPU.ActiveCfg = Release|Any CPU
		{F0D369B6-7B39-3EB4-6BFB-30BABE3F02D3}.Release|Any CPU.Build.0 = Release|Any CPU
	EndGlobalSection
	GlobalSection(SolutionProperties) = preSolution
		HideSolutionNode = FALSE
	EndGlobalSection
	GlobalSection(MonoDevelopProperties) = preSolution
		StartupItem = Assembly-CSharp.csproj
	EndGlobalSection
EndGlobal
